
Microsoft Visual Studio Solution File, Format Version 12.00
# Visual Studio Version 17
VisualStudioVersion = 17.5.33424.131
MinimumVisualStudioVersion = 10.0.40219.1
Project("{9A19103F-16F7-4668-BE54-9A1E7A4F7556}") = "test_BatchFile", "test_BatchFile\test_BatchFile.csproj", "{3C400990-2C0B-4964-BB65-0CA24D5FF6E6}"
EndProject
Project("{FAE04EC0-301F-11D3-BF4B-00C04F79EFBC}") = "test_ModelDesigner", "test_ModelDesigner\test_ModelDesigner.csproj", "{49F337BF-0201-4658-B9A5-C9A174B82F74}"
EndProject
Project("{9A19103F-16F7-4668-BE54-9A1E7A4F7556}") = "test_XmlDesigner", "test_XmlDesigner\test_XmlDesigner.csproj", "{216C24AA-335A-4FCD-AD69-0F8309F5B810}"
EndProject
Project("{FAE04EC0-301F-11D3-BF4B-00C04F79EFBC}") = "Test_FindAndDeleteXml", "Test_FindAndDeleteXml\Test_FindAndDeleteXml.csproj", "{9583C6BA-659B-4F74-9752-0AC3B9F95EF2}"
EndProject
Global
	GlobalSection(SolutionConfigurationPlatforms) = preSolution
		Debug|Any CPU = Debug|Any CPU
		Release|Any CPU = Release|Any CPU
	EndGlobalSection
	GlobalSection(ProjectConfigurationPlatforms) = postSolution
		{3C400990-2C0B-4964-BB65-0CA24D5FF6E6}.Debug|Any CPU.ActiveCfg = Debug|Any CPU
		{3C400990-2C0B-4964-BB65-0CA24D5FF6E6}.Debug|Any CPU.Build.0 = Debug|Any CPU
		{3C400990-2C0B-4964-BB65-0CA24D5FF6E6}.Release|Any CPU.ActiveCfg = Release|Any CPU
		{3C400990-2C0B-4964-BB65-0CA24D5FF6E6}.Release|Any CPU.Build.0 = Release|Any CPU
		{49F337BF-0201-4658-B9A5-C9A174B82F74}.Debug|Any CPU.ActiveCfg = Debug|Any CPU
		{49F337BF-0201-4658-B9A5-C9A174B82F74}.Debug|Any CPU.Build.0 = Debug|Any CPU
		{49F337BF-0201-4658-B9A5-C9A174B82F74}.Release|Any CPU.ActiveCfg = Release|Any CPU
		{49F337BF-0201-4658-B9A5-C9A174B82F74}.Release|Any CPU.Build.0 = Release|Any CPU
		{216C24AA-335A-4FCD-AD69-0F8309F5B810}.Debug|Any CPU.ActiveCfg = Debug|Any CPU
		{216C24AA-335A-4FCD-AD69-0F8309F5B810}.Debug|Any CPU.Build.0 = Debug|Any CPU
		{216C24AA-335A-4FCD-AD69-0F8309F5B810}.Release|Any CPU.ActiveCfg = Release|Any CPU
		{216C24AA-335A-4FCD-AD69-0F8309F5B810}.Release|Any CPU.Build.0 = Release|Any CPU
		{9583C6BA-659B-4F74-9752-0AC3B9F95EF2}.Debug|Any CPU.ActiveCfg = Debug|Any CPU
		{9583C6BA-659B-4F74-9752-0AC3B9F95EF2}.Debug|Any CPU.Build.0 = Debug|Any CPU
		{9583C6BA-659B-4F74-9752-0AC3B9F95EF2}.Release|Any CPU.ActiveCfg = Release|Any CPU
		{9583C6BA-659B-4F74-9752-0AC3B9F95EF2}.Release|Any CPU.Build.0 = Release|Any CPU
	EndGlobalSection
	GlobalSection(SolutionProperties) = preSolution
		HideSolutionNode = FALSE
	EndGlobalSection
	GlobalSection(ExtensibilityGlobals) = postSolution
		SolutionGuid = {1E220BAE-3008-4AD3-BA35-D0BB9C7E463C}
	EndGlobalSection
EndGlobal
