
Microsoft Visual Studio Solution File, Format Version 12.00
# Visual Studio Version 17
VisualStudioVersion = 17.5.33424.131
MinimumVisualStudioVersion = 10.0.40219.1
Project("{9A19103F-16F7-4668-BE54-9A1E7A4F7556}") = "test_XmlDesigner", "test_XmlDesigner.csproj", "{52BDE1E8-9BED-4686-871D-235935EA5DF5}"
EndProject
Project("{FAE04EC0-301F-11D3-BF4B-00C04F79EFBC}") = "test_ModelDesigner", "..\test_ModelDesigner\test_ModelDesigner.csproj", "{49F337BF-0201-4658-B9A5-C9A174B82F74}"
EndProject
Global
	GlobalSection(SolutionConfigurationPlatforms) = preSolution
		Debug|Any CPU = Debug|Any CPU
		Release|Any CPU = Release|Any CPU
	EndGlobalSection
	GlobalSection(ProjectConfigurationPlatforms) = postSolution
		{52BDE1E8-9BED-4686-871D-235935EA5DF5}.Debug|Any CPU.ActiveCfg = Debug|Any CPU
		{52BDE1E8-9BED-4686-871D-235935EA5DF5}.Debug|Any CPU.Build.0 = Debug|Any CPU
		{52BDE1E8-9BED-4686-871D-235935EA5DF5}.Release|Any CPU.ActiveCfg = Release|Any CPU
		{52BDE1E8-9BED-4686-871D-235935EA5DF5}.Release|Any CPU.Build.0 = Release|Any CPU
		{49F337BF-0201-4658-B9A5-C9A174B82F74}.Debug|Any CPU.ActiveCfg = Debug|Any CPU
		{49F337BF-0201-4658-B9A5-C9A174B82F74}.Debug|Any CPU.Build.0 = Debug|Any CPU
		{49F337BF-0201-4658-B9A5-C9A174B82F74}.Release|Any CPU.ActiveCfg = Release|Any CPU
		{49F337BF-0201-4658-B9A5-C9A174B82F74}.Release|Any CPU.Build.0 = Release|Any CPU
	EndGlobalSection
	GlobalSection(SolutionProperties) = preSolution
		HideSolutionNode = FALSE
	EndGlobalSection
	GlobalSection(ExtensibilityGlobals) = postSolution
		SolutionGuid = {7B65571B-0F3D-4513-877B-B1D8D26F6C51}
	EndGlobalSection
EndGlobal
